
Microsoft Visual Studio Solution File, Format Version 12.00
# Visual Studio 15
VisualStudioVersion = 15.0.27703.2026
MinimumVisualStudioVersion = 10.0.40219.1
Project("{FAE04EC0-301F-11D3-BF4B-00C04F79EFBC}") = "GenericCollections", "GenericCollections.csproj", "{6AA40EFD-6D9E-44AA-921A-688119AF4683}"
EndProject
Global
	GlobalSection(SolutionConfigurationPlatforms) = preSolution
		Debug|Any CPU = Debug|Any CPU
		Release|Any CPU = Release|Any CPU
	EndGlobalSection
	GlobalSection(ProjectConfigurationPlatforms) = postSolution
		{6AA40EFD-6D9E-44AA-921A-688119AF4683}.Debug|Any CPU.ActiveCfg = Debug|Any CPU
		{6AA40EFD-6D9E-44AA-921A-688119AF4683}.Debug|Any CPU.Build.0 = Debug|Any CPU
		{6AA40EFD-6D9E-44AA-921A-688119AF4683}.Release|Any CPU.ActiveCfg = Release|Any CPU
		{6AA40EFD-6D9E-44AA-921A-688119AF4683}.Release|Any CPU.Build.0 = Release|Any CPU
	EndGlobalSection
	GlobalSection(SolutionProperties) = preSolution
		HideSolutionNode = FALSE
	EndGlobalSection
	GlobalSection(ExtensibilityGlobals) = postSolution
		SolutionGuid = {ACD922F2-D81E-459E-8828-67B5DF308BD2}
	EndGlobalSection
EndGlobal
